
Microsoft Visual Studio Solution File, Format Version 12.00
# Visual Studio Version 17
VisualStudioVersion = 17.0.31912.275
MinimumVisualStudioVersion = 10.0.40219.1
Project("{9A19103F-16F7-4668-BE54-9A1E7A4F7556}") = "BookCatalog", "BookCatalog.csproj", "{95874511-A0E0-46DE-A28E-A673361B2C21}"
EndProject
Project("{9A19103F-16F7-4668-BE54-9A1E7A4F7556}") = "Contracts", "..\Contracts\Contracts.csproj", "{075C01AD-129C-4BDA-9E9A-444026169668}"
EndProject
Project("{9A19103F-16F7-4668-BE54-9A1E7A4F7556}") = "LoggerService", "..\LoggerService\LoggerService.csproj", "{F6DB98FC-FE2F-4368-B138-4C611DFE9308}"
EndProject
Project("{9A19103F-16F7-4668-BE54-9A1E7A4F7556}") = "Entities", "..\Entities\Entities.csproj", "{77BEF6AA-E411-4FB4-90A5-6108CE01C150}"
EndProject
Project("{9A19103F-16F7-4668-BE54-9A1E7A4F7556}") = "Repository", "..\Repository\Repository.csproj", "{10B7343C-E1AD-4A28-97F9-7BE06B3BADF5}"
EndProject
Global
	GlobalSection(SolutionConfigurationPlatforms) = preSolution
		Debug|Any CPU = Debug|Any CPU
		Release|Any CPU = Release|Any CPU
	EndGlobalSection
	GlobalSection(ProjectConfigurationPlatforms) = postSolution
		{95874511-A0E0-46DE-A28E-A673361B2C21}.Debug|Any CPU.ActiveCfg = Debug|Any CPU
		{95874511-A0E0-46DE-A28E-A673361B2C21}.Debug|Any CPU.Build.0 = Debug|Any CPU
		{95874511-A0E0-46DE-A28E-A673361B2C21}.Release|Any CPU.ActiveCfg = Release|Any CPU
		{95874511-A0E0-46DE-A28E-A673361B2C21}.Release|Any CPU.Build.0 = Release|Any CPU
		{075C01AD-129C-4BDA-9E9A-444026169668}.Debug|Any CPU.ActiveCfg = Debug|Any CPU
		{075C01AD-129C-4BDA-9E9A-444026169668}.Debug|Any CPU.Build.0 = Debug|Any CPU
		{075C01AD-129C-4BDA-9E9A-444026169668}.Release|Any CPU.ActiveCfg = Release|Any CPU
		{075C01AD-129C-4BDA-9E9A-444026169668}.Release|Any CPU.Build.0 = Release|Any CPU
		{F6DB98FC-FE2F-4368-B138-4C611DFE9308}.Debug|Any CPU.ActiveCfg = Debug|Any CPU
		{F6DB98FC-FE2F-4368-B138-4C611DFE9308}.Debug|Any CPU.Build.0 = Debug|Any CPU
		{F6DB98FC-FE2F-4368-B138-4C611DFE9308}.Release|Any CPU.ActiveCfg = Release|Any CPU
		{F6DB98FC-FE2F-4368-B138-4C611DFE9308}.Release|Any CPU.Build.0 = Release|Any CPU
		{77BEF6AA-E411-4FB4-90A5-6108CE01C150}.Debug|Any CPU.ActiveCfg = Debug|Any CPU
		{77BEF6AA-E411-4FB4-90A5-6108CE01C150}.Debug|Any CPU.Build.0 = Debug|Any CPU
		{77BEF6AA-E411-4FB4-90A5-6108CE01C150}.Release|Any CPU.ActiveCfg = Release|Any CPU
		{77BEF6AA-E411-4FB4-90A5-6108CE01C150}.Release|Any CPU.Build.0 = Release|Any CPU
		{10B7343C-E1AD-4A28-97F9-7BE06B3BADF5}.Debug|Any CPU.ActiveCfg = Debug|Any CPU
		{10B7343C-E1AD-4A28-97F9-7BE06B3BADF5}.Debug|Any CPU.Build.0 = Debug|Any CPU
		{10B7343C-E1AD-4A28-97F9-7BE06B3BADF5}.Release|Any CPU.ActiveCfg = Release|Any CPU
		{10B7343C-E1AD-4A28-97F9-7BE06B3BADF5}.Release|Any CPU.Build.0 = Release|Any CPU
	EndGlobalSection
	GlobalSection(SolutionProperties) = preSolution
		HideSolutionNode = FALSE
	EndGlobalSection
	GlobalSection(ExtensibilityGlobals) = postSolution
		SolutionGuid = {B321F466-F8A1-4C41-B790-BC63195DA141}
	EndGlobalSection
EndGlobal
